
Microsoft Visual Studio Solution File, Format Version 12.00
# Visual Studio Version 17
VisualStudioVersion = 17.7.34221.43
MinimumVisualStudioVersion = 10.0.40219.1
Project("{FAE04EC0-301F-11D3-BF4B-00C04F79EFBC}") = "HealthSync", "HealthSync.csproj", "{8FACD8E3-867E-4619-8488-514A6BAE129A}"
EndProject
Global
	GlobalSection(SolutionConfigurationPlatforms) = preSolution
		Debug|Any CPU = Debug|Any CPU
		Release|Any CPU = Release|Any CPU
	EndGlobalSection
	GlobalSection(ProjectConfigurationPlatforms) = postSolution
		{8FACD8E3-867E-4619-8488-514A6BAE129A}.Debug|Any CPU.ActiveCfg = Debug|Any CPU
		{8FACD8E3-867E-4619-8488-514A6BAE129A}.Debug|Any CPU.Build.0 = Debug|Any CPU
		{8FACD8E3-867E-4619-8488-514A6BAE129A}.Debug|Any CPU.Deploy.0 = Debug|Any CPU
		{8FACD8E3-867E-4619-8488-514A6BAE129A}.Release|Any CPU.ActiveCfg = Release|Any CPU
		{8FACD8E3-867E-4619-8488-514A6BAE129A}.Release|Any CPU.Build.0 = Release|Any CPU
		{8FACD8E3-867E-4619-8488-514A6BAE129A}.Release|Any CPU.Deploy.0 = Release|Any CPU
	EndGlobalSection
	GlobalSection(SolutionProperties) = preSolution
		HideSolutionNode = FALSE
	EndGlobalSection
	GlobalSection(ExtensibilityGlobals) = postSolution
		SolutionGuid = {CBFAB194-7F72-4421-A9BD-C0DEE7E53B62}
	EndGlobalSection
EndGlobal
